
Microsoft Visual Studio Solution File, Format Version 12.00
# Visual Studio Version 17
VisualStudioVersion = 17.7.34031.279
MinimumVisualStudioVersion = 10.0.40219.1
Project("{FAE04EC0-301F-11D3-BF4B-00C04F79EFBC}") = "MyBizAPI", "MyBizAPI\MyBizAPI.csproj", "{8F55A573-0231-4565-AA06-F3BEC595724C}"
EndProject
Global
	GlobalSection(SolutionConfigurationPlatforms) = preSolution
		Debug|Any CPU = Debug|Any CPU
		Release|Any CPU = Release|Any CPU
	EndGlobalSection
	GlobalSection(ProjectConfigurationPlatforms) = postSolution
		{8F55A573-0231-4565-AA06-F3BEC595724C}.Debug|Any CPU.ActiveCfg = Debug|Any CPU
		{8F55A573-0231-4565-AA06-F3BEC595724C}.Debug|Any CPU.Build.0 = Debug|Any CPU
		{8F55A573-0231-4565-AA06-F3BEC595724C}.Release|Any CPU.ActiveCfg = Release|Any CPU
		{8F55A573-0231-4565-AA06-F3BEC595724C}.Release|Any CPU.Build.0 = Release|Any CPU
	EndGlobalSection
	GlobalSection(SolutionProperties) = preSolution
		HideSolutionNode = FALSE
	EndGlobalSection
	GlobalSection(ExtensibilityGlobals) = postSolution
		SolutionGuid = {9C9DD5D7-DB8E-449D-A5AA-576E2AAB2462}
	EndGlobalSection
EndGlobal
